Microsoft Visual Studio Solution File, Format Version 12.00
# Visual Studio 2012
Project("{FAE04EC0-301F-11D3-BF4B-00C04F79EFBC}") = "Asteroids-CyberTater", "Asteroids-CyberTater.csproj", "{CB0D920C-92CF-4B31-8367-6BEB0B8635C8}"
EndProject
Global
	GlobalSection(SolutionConfigurationPlatforms) = preSolution
	Debug|Any CPU = Debug|Any CPU
	ExportDebug|Any CPU = ExportDebug|Any CPU
	ExportRelease|Any CPU = ExportRelease|Any CPU
	EndGlobalSection
	GlobalSection(ProjectConfigurationPlatforms) = postSolution
		{CB0D920C-92CF-4B31-8367-6BEB0B8635C8}.Debug|Any CPU.ActiveCfg = Debug|Any CPU
		{CB0D920C-92CF-4B31-8367-6BEB0B8635C8}.Debug|Any CPU.Build.0 = Debug|Any CPU
		{CB0D920C-92CF-4B31-8367-6BEB0B8635C8}.ExportDebug|Any CPU.ActiveCfg = ExportDebug|Any CPU
		{CB0D920C-92CF-4B31-8367-6BEB0B8635C8}.ExportDebug|Any CPU.Build.0 = ExportDebug|Any CPU
		{CB0D920C-92CF-4B31-8367-6BEB0B8635C8}.ExportRelease|Any CPU.ActiveCfg = ExportRelease|Any CPU
		{CB0D920C-92CF-4B31-8367-6BEB0B8635C8}.ExportRelease|Any CPU.Build.0 = ExportRelease|Any CPU
	EndGlobalSection
EndGlobal
